// !$*UTF8*$!
{
	archiveVersion = 1;
	classes = {
	};
	objectVersion = 46;
	objects = {

/* Begin PBXBuildFile section */
		40203DA818A86F2400BD4566 /* XYZBoard.m in Sources */ = {isa = PBXBuildFile; fileRef = 40203DA718A86F2400BD4566 /* XYZBoard.m */; };
		4069DED818A6D8030033C024 /* StartMenu.m in Sources */ = {isa = PBXBuildFile; fileRef = 4069DED718A6D8030033C024 /* StartMenu.m */; };
		4069DEDC18A6DA250033C024 /* StartMenu.storyboard in Resources */ = {isa = PBXBuildFile; fileRef = 4069DEDB18A6DA250033C024 /* StartMenu.storyboard */; };
		4069DEDF18A6DE0B0033C024 /* XYZRegiment.m in Sources */ = {isa = PBXBuildFile; fileRef = 4069DEDE18A6DE0B0033C024 /* XYZRegiment.m */; };
		4069DEE218A6ED060033C024 /* XYZTile.m in Sources */ = {isa = PBXBuildFile; fileRef = 4069DEE118A6ED060033C024 /* XYZTile.m */; };
		D002AEB818A9EDE100F6B067 /* Constants.m in Sources */ = {isa = PBXBuildFile; fileRef = D002AEB718A9EDE100F6B067 /* Constants.m */; };
		D02F36C318B027490075FF6D /* XYZPlayer.m in Sources */ = {isa = PBXBuildFile; fileRef = D02F36C218B027490075FF6D /* XYZPlayer.m */; };
		D0332E3918A6D423007C0FF7 /* Foundation.framework in Frameworks */ = {isa = PBXBuildFile; fileRef = D0332E3818A6D423007C0FF7 /* Foundation.framework */; };
		D0332E3B18A6D423007C0FF7 /* CoreGraphics.framework in Frameworks */ = {isa = PBXBuildFile; fileRef = D0332E3A18A6D423007C0FF7 /* CoreGraphics.framework */; };
		D0332E3D18A6D423007C0FF7 /* UIKit.framework in Frameworks */ = {isa = PBXBuildFile; fileRef = D0332E3C18A6D423007C0FF7 /* UIKit.framework */; };
		D0332E4318A6D423007C0FF7 /* InfoPlist.strings in Resources */ = {isa = PBXBuildFile; fileRef = D0332E4118A6D423007C0FF7 /* InfoPlist.strings */; };
		D0332E4518A6D423007C0FF7 /* main.m in Sources */ = {isa = PBXBuildFile; fileRef = D0332E4418A6D423007C0FF7 /* main.m */; };
		D0332E4918A6D423007C0FF7 /* XYZAppDelegate.m in Sources */ = {isa = PBXBuildFile; fileRef = D0332E4818A6D423007C0FF7 /* XYZAppDelegate.m */; };
		D0332E4B18A6D423007C0FF7 /* Images.xcassets in Resources */ = {isa = PBXBuildFile; fileRef = D0332E4A18A6D423007C0FF7 /* Images.xcassets */; };
		D0332E5218A6D423007C0FF7 /* XCTest.framework in Frameworks */ = {isa = PBXBuildFile; fileRef = D0332E5118A6D423007C0FF7 /* XCTest.framework */; };
		D0332E5318A6D423007C0FF7 /* Foundation.framework in Frameworks */ = {isa = PBXBuildFile; fileRef = D0332E3818A6D423007C0FF7 /* Foundation.framework */; };
		D0332E5418A6D423007C0FF7 /* UIKit.framework in Frameworks */ = {isa = PBXBuildFile; fileRef = D0332E3C18A6D423007C0FF7 /* UIKit.framework */; };
		D0332E5C18A6D423007C0FF7 /* InfoPlist.strings in Resources */ = {isa = PBXBuildFile; fileRef = D0332E5A18A6D423007C0FF7 /* InfoPlist.strings */; };
		D0332E5E18A6D423007C0FF7 /* gettysburgRecreationTests.m in Sources */ = {isa = PBXBuildFile; fileRef = D0332E5D18A6D423007C0FF7 /* gettysburgRecreationTests.m */; };
		D0C3308418B6626700E0E315 /* XYZInfantryRegiment.m in Sources */ = {isa = PBXBuildFile; fileRef = D0C3308318B6626700E0E315 /* XYZInfantryRegiment.m */; };
		D0C3308718B662A800E0E315 /* XYZCavalryRegiment.m in Sources */ = {isa = PBXBuildFile; fileRef = D0C3308618B662A800E0E315 /* XYZCavalryRegiment.m */; };
		D0C3308A18B662B100E0E315 /* XYZArtilleryRegiment.m in Sources */ = {isa = PBXBuildFile; fileRef = D0C3308918B662B100E0E315 /* XYZArtilleryRegiment.m */; };
/* End PBXBuildFile section */

/* Begin PBXContainerItemProxy section */
		D0332E5518A6D423007C0FF7 /* PBXContainerItemProxy */ = {
			isa = PBXContainerItemProxy;
			containerPortal = D0332E2D18A6D423007C0FF7 /* Project object */;
			proxyType = 1;
			remoteGlobalIDString = D0332E3418A6D423007C0FF7;
			remoteInfo = gettysburgRecreation;
		};
/* End PBXContainerItemProxy section */

/* Begin PBXFileReference section */
		40203DA618A86F2400BD4566 /* XYZBoard.h */ = {isa = PBXFileReference; fileEncoding = 4; lastKnownFileType = sourcecode.c.h; path = XYZBoard.h; sourceTree = "<group>"; };
		40203DA718A86F2400BD4566 /* XYZBoard.m */ = {isa = PBXFileReference; fileEncoding = 4; lastKnownFileType = sourcecode.c.objc; path = XYZBoard.m; sourceTree = "<group>"; };
		4069DED618A6D8030033C024 /* StartMenu.h */ = {isa = PBXFileReference; fileEncoding = 4; lastKnownFileType = sourcecode.c.h; path = StartMenu.h; sourceTree = "<group>"; };
		4069DED718A6D8030033C024 /* StartMenu.m */ = {isa = PBXFileReference; fileEncoding = 4; lastKnownFileType = sourcecode.c.objc; path = StartMenu.m; sourceTree = "<group>"; };
		4069DEDB18A6DA250033C024 /* StartMenu.storyboard */ = {isa = PBXFileReference; fileEncoding = 4; lastKnownFileType = file.storyboard; path = StartMenu.storyboard; sourceTree = "<group>"; };
		4069DEDD18A6DE0B0033C024 /* XYZRegiment.h */ = {isa = PBXFileReference; fileEncoding = 4; lastKnownFileType = sourcecode.c.h; path = XYZRegiment.h; sourceTree = "<group>"; };
		4069DEDE18A6DE0B0033C024 /* XYZRegiment.m */ = {isa = PBXFileReference; fileEncoding = 4; lastKnownFileType = sourcecode.c.objc; path = XYZRegiment.m; sourceTree = "<group>"; };
		4069DEE018A6ED060033C024 /* XYZTile.h */ = {isa = PBXFileReference; fileEncoding = 4; lastKnownFileType = sourcecode.c.h; path = XYZTile.h; sourceTree = "<group>"; };
		4069DEE118A6ED060033C024 /* XYZTile.m */ = {isa = PBXFileReference; fileEncoding = 4; lastKnownFileType = sourcecode.c.objc; path = XYZTile.m; sourceTree = "<group>"; };
		D002AEB718A9EDE100F6B067 /* Constants.m */ = {isa = PBXFileReference; fileEncoding = 4; lastKnownFileType = sourcecode.c.objc; path = Constants.m; sourceTree = "<group>"; };
		D02F36C118B027490075FF6D /* XYZPlayer.h */ = {isa = PBXFileReference; fileEncoding = 4; lastKnownFileType = sourcecode.c.h; path = XYZPlayer.h; sourceTree = "<group>"; };
		D02F36C218B027490075FF6D /* XYZPlayer.m */ = {isa = PBXFileReference; fileEncoding = 4; lastKnownFileType = sourcecode.c.objc; path = XYZPlayer.m; sourceTree = "<group>"; };
		D0332E3518A6D423007C0FF7 /* gettysburgRecreation.app */ = {isa = PBXFileReference; explicitFileType = wrapper.application; includeInIndex = 0; path = gettysburgRecreation.app; sourceTree = BUILT_PRODUCTS_DIR; };
		D0332E3818A6D423007C0FF7 /* Foundation.framework */ = {isa = PBXFileReference; lastKnownFileType = wrapper.framework; name = Foundation.framework; path = System/Library/Frameworks/Foundation.framework; sourceTree = SDKROOT; };
		D0332E3A18A6D423007C0FF7 /* CoreGraphics.framework */ = {isa = PBXFileReference; lastKnownFileType = wrapper.framework; name = CoreGraphics.framework; path = System/Library/Frameworks/CoreGraphics.framework; sourceTree = SDKROOT; };
		D0332E3C18A6D423007C0FF7 /* UIKit.framework */ = {isa = PBXFileReference; lastKnownFileType = wrapper.framework; name = UIKit.framework; path = System/Library/Frameworks/UIKit.framework; sourceTree = SDKROOT; };
		D0332E4018A6D423007C0FF7 /* gettysburgRecreation-Info.plist */ = {isa = PBXFileReference; lastKnownFileType = text.plist.xml; path = "gettysburgRecreation-Info.plist"; sourceTree = "<group>"; };
		D0332E4218A6D423007C0FF7 /* en */ = {isa = PBXFileReference; lastKnownFileType = text.plist.strings; name = en; path = en.lproj/InfoPlist.strings; sourceTree = "<group>"; };
		D0332E4418A6D423007C0FF7 /* main.m */ = {isa = PBXFileReference; lastKnownFileType = sourcecode.c.objc; path = main.m; sourceTree = "<group>"; };
		D0332E4618A6D423007C0FF7 /* gettysburgRecreation-Prefix.pch */ = {isa = PBXFileReference; lastKnownFileType = sourcecode.c.h; path = "gettysburgRecreation-Prefix.pch"; sourceTree = "<group>"; };
		D0332E4718A6D423007C0FF7 /* XYZAppDelegate.h */ = {isa = PBXFileReference; lastKnownFileType = sourcecode.c.h; path = XYZAppDelegate.h; sourceTree = "<group>"; };
		D0332E4818A6D423007C0FF7 /* XYZAppDelegate.m */ = {isa = PBXFileReference; lastKnownFileType = sourcecode.c.objc; path = XYZAppDelegate.m; sourceTree = "<group>"; };
		D0332E4A18A6D423007C0FF7 /* Images.xcassets */ = {isa = PBXFileReference; lastKnownFileType = folder.assetcatalog; path = Images.xcassets; sourceTree = "<group>"; };
		D0332E5018A6D423007C0FF7 /* gettysburgRecreationTests.xctest */ = {isa = PBXFileReference; explicitFileType = wrapper.cfbundle; includeInIndex = 0; path = gettysburgRecreationTests.xctest; sourceTree = BUILT_PRODUCTS_DIR; };
		D0332E5118A6D423007C0FF7 /* XCTest.framework */ = {isa = PBXFileReference; lastKnownFileType = wrapper.framework; name = XCTest.framework; path = Library/Frameworks/XCTest.framework; sourceTree = DEVELOPER_DIR; };
		D0332E5918A6D423007C0FF7 /* gettysburgRecreationTests-Info.plist */ = {isa = PBXFileReference; lastKnownFileType = text.plist.xml; path = "gettysburgRecreationTests-Info.plist"; sourceTree = "<group>"; };
		D0332E5B18A6D423007C0FF7 /* en */ = {isa = PBXFileReference; lastKnownFileType = text.plist.strings; name = en; path = en.lproj/InfoPlist.strings; sourceTree = "<group>"; };
		D0332E5D18A6D423007C0FF7 /* gettysburgRecreationTests.m */ = {isa = PBXFileReference; lastKnownFileType = sourcecode.c.objc; path = gettysburgRecreationTests.m; sourceTree = "<group>"; };
		D0C3308218B6626700E0E315 /* XYZInfantryRegiment.h */ = {isa = PBXFileReference; fileEncoding = 4; lastKnownFileType = sourcecode.c.h; path = XYZInfantryRegiment.h; sourceTree = "<group>"; };
		D0C3308318B6626700E0E315 /* XYZInfantryRegiment.m */ = {isa = PBXFileReference; fileEncoding = 4; lastKnownFileType = sourcecode.c.objc; path = XYZInfantryRegiment.m; sourceTree = "<group>"; };
		D0C3308518B662A800E0E315 /* XYZCavalryRegiment.h */ = {isa = PBXFileReference; fileEncoding = 4; lastKnownFileType = sourcecode.c.h; path = XYZCavalryRegiment.h; sourceTree = "<group>"; };
		D0C3308618B662A800E0E315 /* XYZCavalryRegiment.m */ = {isa = PBXFileReference; fileEncoding = 4; lastKnownFileType = sourcecode.c.objc; path = XYZCavalryRegiment.m; sourceTree = "<group>"; };
		D0C3308818B662B100E0E315 /* XYZArtilleryRegiment.h */ = {isa = PBXFileReference; fileEncoding = 4; lastKnownFileType = sourcecode.c.h; path = XYZArtilleryRegiment.h; sourceTree = "<group>"; };
		D0C3308918B662B100E0E315 /* XYZArtilleryRegiment.m */ = {isa = PBXFileReference; fileEncoding = 4; lastKnownFileType = sourcecode.c.objc; path = XYZArtilleryRegiment.m; sourceTree = "<group>"; };
/* End PBXFileReference section */

/* Begin PBXFrameworksBuildPhase section */
		D0332E3218A6D423007C0FF7 /* Frameworks */ = {
			isa = PBXFrameworksBuildPhase;
			buildActionMask = 2147483647;
			files = (
				D0332E3B18A6D423007C0FF7 /* CoreGraphics.framework in Frameworks */,
				D0332E3D18A6D423007C0FF7 /* UIKit.framework in Frameworks */,
				D0332E3918A6D423007C0FF7 /* Foundation.framework in Frameworks */,
			);
			runOnlyForDeploymentPostprocessing = 0;
		};
		D0332E4D18A6D423007C0FF7 /* Frameworks */ = {
			isa = PBXFrameworksBuildPhase;
			buildActionMask = 2147483647;
			files = (
				D0332E5218A6D423007C0FF7 /* XCTest.framework in Frameworks */,
				D0332E5418A6D423007C0FF7 /* UIKit.framework in Frameworks */,
				D0332E5318A6D423007C0FF7 /* Foundation.framework in Frameworks */,
			);
			runOnlyForDeploymentPostprocessing = 0;
		};
/* End PBXFrameworksBuildPhase section */

/* Begin PBXGroup section */
		D0332E2C18A6D423007C0FF7 = {
			isa = PBXGroup;
			children = (
				4069DEDB18A6DA250033C024 /* StartMenu.storyboard */,
				4069DED618A6D8030033C024 /* StartMenu.h */,
				4069DED718A6D8030033C024 /* StartMenu.m */,
				4069DEDD18A6DE0B0033C024 /* XYZRegiment.h */,
				40203DA618A86F2400BD4566 /* XYZBoard.h */,
				40203DA718A86F2400BD4566 /* XYZBoard.m */,
				4069DEE018A6ED060033C024 /* XYZTile.h */,
				4069DEE118A6ED060033C024 /* XYZTile.m */,
				4069DEDD18A6DE0B0033C024 /* XYZRegiment.h */,
				D0C3308518B662A800E0E315 /* XYZCavalryRegiment.h */,
				D0C3308618B662A800E0E315 /* XYZCavalryRegiment.m */,
				D0C3308818B662B100E0E315 /* XYZArtilleryRegiment.h */,
				D0C3308918B662B100E0E315 /* XYZArtilleryRegiment.m */,
				D0C3308218B6626700E0E315 /* XYZInfantryRegiment.h */,
				D0C3308318B6626700E0E315 /* XYZInfantryRegiment.m */,
				4069DEDE18A6DE0B0033C024 /* XYZRegiment.m */,
				D02F36C118B027490075FF6D /* XYZPlayer.h */,
				D02F36C218B027490075FF6D /* XYZPlayer.m */,
				D0332E3E18A6D423007C0FF7 /* gettysburgRecreation */,
				D0332E5718A6D423007C0FF7 /* gettysburgRecreationTests */,
				D0332E3718A6D423007C0FF7 /* Frameworks */,
				D0332E3618A6D423007C0FF7 /* Products */,
			);
			sourceTree = "<group>";
		};
		D0332E3618A6D423007C0FF7 /* Products */ = {
			isa = PBXGroup;
			children = (
				D0332E3518A6D423007C0FF7 /* gettysburgRecreation.app */,
				D0332E5018A6D423007C0FF7 /* gettysburgRecreationTests.xctest */,
			);
			name = Products;
			sourceTree = "<group>";
		};
		D0332E3718A6D423007C0FF7 /* Frameworks */ = {
			isa = PBXGroup;
			children = (
				D0332E3818A6D423007C0FF7 /* Foundation.framework */,
				D0332E3A18A6D423007C0FF7 /* CoreGraphics.framework */,
				D0332E3C18A6D423007C0FF7 /* UIKit.framework */,
				D0332E5118A6D423007C0FF7 /* XCTest.framework */,
			);
			name = Frameworks;
			sourceTree = "<group>";
		};
		D0332E3E18A6D423007C0FF7 /* gettysburgRecreation */ = {
			isa = PBXGroup;
			children = (
				D0332E4718A6D423007C0FF7 /* XYZAppDelegate.h */,
				D0332E4818A6D423007C0FF7 /* XYZAppDelegate.m */,
				D0332E4A18A6D423007C0FF7 /* Images.xcassets */,
				D0332E3F18A6D423007C0FF7 /* Supporting Files */,
			);
			path = gettysburgRecreation;
			sourceTree = "<group>";
		};
		D0332E3F18A6D423007C0FF7 /* Supporting Files */ = {
			isa = PBXGroup;
			children = (
				D0332E4018A6D423007C0FF7 /* gettysburgRecreation-Info.plist */,
				D0332E4118A6D423007C0FF7 /* InfoPlist.strings */,
				D0332E4418A6D423007C0FF7 /* main.m */,
				D0332E4618A6D423007C0FF7 /* gettysburgRecreation-Prefix.pch */,
			);
			name = "Supporting Files";
			sourceTree = "<group>";
		};
		D0332E5718A6D423007C0FF7 /* gettysburgRecreationTests */ = {
			isa = PBXGroup;
			children = (
				D0332E5D18A6D423007C0FF7 /* gettysburgRecreationTests.m */,
				D0332E5818A6D423007C0FF7 /* Supporting Files */,
			);
			path = gettysburgRecreationTests;
			sourceTree = "<group>";
		};
		D0332E5818A6D423007C0FF7 /* Supporting Files */ = {
			isa = PBXGroup;
			children = (
				D0332E5918A6D423007C0FF7 /* gettysburgRecreationTests-Info.plist */,
				D0332E5A18A6D423007C0FF7 /* InfoPlist.strings */,
			);
			name = "Supporting Files";
			sourceTree = "<group>";
		};
/* End PBXGroup section */

/* Begin PBXNativeTarget section */
		D0332E3418A6D423007C0FF7 /* gettysburgRecreation */ = {
			isa = PBXNativeTarget;
			buildConfigurationList = D0332E6118A6D423007C0FF7 /* Build configuration list for PBXNativeTarget "gettysburgRecreation" */;
			buildPhases = (
				D0332E3118A6D423007C0FF7 /* Sources */,
				D0332E3218A6D423007C0FF7 /* Frameworks */,
				D0332E3318A6D423007C0FF7 /* Resources */,
			);
			buildRules = (
			);
			dependencies = (
			);
			name = gettysburgRecreation;
			productName = gettysburgRecreation;
			productReference = D0332E3518A6D423007C0FF7 /* gettysburgRecreation.app */;
			productType = "com.apple.product-type.application";
		};
		D0332E4F18A6D423007C0FF7 /* gettysburgRecreationTests */ = {
			isa = PBXNativeTarget;
			buildConfigurationList = D0332E6418A6D423007C0FF7 /* Build configuration list for PBXNativeTarget "gettysburgRecreationTests" */;
			buildPhases = (
				D0332E4C18A6D423007C0FF7 /* Sources */,
				D0332E4D18A6D423007C0FF7 /* Frameworks */,
				D0332E4E18A6D423007C0FF7 /* Resources */,
			);
			buildRules = (
			);
			dependencies = (
				D0332E5618A6D423007C0FF7 /* PBXTargetDependency */,
			);
			name = gettysburgRecreationTests;
			productName = gettysburgRecreationTests;
			productReference = D0332E5018A6D423007C0FF7 /* gettysburgRecreationTests.xctest */;
			productType = "com.apple.product-type.bundle.unit-test";
		};
/* End PBXNativeTarget section */

/* Begin PBXProject section */
		D0332E2D18A6D423007C0FF7 /* Project object */ = {
			isa = PBXProject;
			attributes = {
				CLASSPREFIX = XYZ;
				LastUpgradeCheck = 0500;
				TargetAttributes = {
					D0332E4F18A6D423007C0FF7 = {
						TestTargetID = D0332E3418A6D423007C0FF7;
					};
				};
			};
			buildConfigurationList = D0332E3018A6D423007C0FF7 /* Build configuration list for PBXProject "gettysburgRecreation" */;
			compatibilityVersion = "Xcode 3.2";
			developmentRegion = English;
			hasScannedForEncodings = 0;
			knownRegions = (
				en,
			);
			mainGroup = D0332E2C18A6D423007C0FF7;
			productRefGroup = D0332E3618A6D423007C0FF7 /* Products */;
			projectDirPath = "";
			projectRoot = "";
			targets = (
				D0332E3418A6D423007C0FF7 /* gettysburgRecreation */,
				D0332E4F18A6D423007C0FF7 /* gettysburgRecreationTests */,
			);
		};
/* End PBXProject section */

/* Begin PBXResourcesBuildPhase section */
		D0332E3318A6D423007C0FF7 /* Resources */ = {
			isa = PBXResourcesBuildPhase;
			buildActionMask = 2147483647;
			files = (
				D0332E4318A6D423007C0FF7 /* InfoPlist.strings in Resources */,
				4069DEDC18A6DA250033C024 /* StartMenu.storyboard in Resources */,
				D0332E4B18A6D423007C0FF7 /* Images.xcassets in Resources */,
			);
			runOnlyForDeploymentPostprocessing = 0;
		};
		D0332E4E18A6D423007C0FF7 /* Resources */ = {
			isa = PBXResourcesBuildPhase;
			buildActionMask = 2147483647;
			files = (
				D0332E5C18A6D423007C0FF7 /* InfoPlist.strings in Resources */,
			);
			runOnlyForDeploymentPostprocessing = 0;
		};
/* End PBXResourcesBuildPhase section */

/* Begin PBXSourcesBuildPhase section */
		D0332E3118A6D423007C0FF7 /* Sources */ = {
			isa = PBXSourcesBuildPhase;
			buildActionMask = 2147483647;
			files = (
				40203DA818A86F2400BD4566 /* XYZBoard.m in Sources */,
				D0332E4918A6D423007C0FF7 /* XYZAppDelegate.m in Sources */,
				4069DEE218A6ED060033C024 /* XYZTile.m in Sources */,
				D0C3308418B6626700E0E315 /* XYZInfantryRegiment.m in Sources */,
				4069DED818A6D8030033C024 /* StartMenu.m in Sources */,
				4069DEDF18A6DE0B0033C024 /* XYZRegiment.m in Sources */,
				D002AEB818A9EDE100F6B067 /* Constants.m in Sources */,
				D0C3308718B662A800E0E315 /* XYZCavalryRegiment.m in Sources */,
				D0C3308A18B662B100E0E315 /* XYZArtilleryRegiment.m in Sources */,
				D02F36C318B027490075FF6D /* XYZPlayer.m in Sources */,
				D0332E4518A6D423007C0FF7 /* main.m in Sources */,
			);
			runOnlyForDeploymentPostprocessing = 0;
		};
		D0332E4C18A6D423007C0FF7 /* Sources */ = {
			isa = PBXSourcesBuildPhase;
			buildActionMask = 2147483647;
			files = (
				D0332E5E18A6D423007C0FF7 /* gettysburgRecreationTests.m in Sources */,
			);
			runOnlyForDeploymentPostprocessing = 0;
		};
/* End PBXSourcesBuildPhase section */

/* Begin PBXTargetDependency section */
		D0332E5618A6D423007C0FF7 /* PBXTargetDependency */ = {
			isa = PBXTargetDependency;
			target = D0332E3418A6D423007C0FF7 /* gettysburgRecreation */;
			targetProxy = D0332E5518A6D423007C0FF7 /* PBXContainerItemProxy */;
		};
/* End PBXTargetDependency section */

/* Begin PBXVariantGroup section */
		D0332E4118A6D423007C0FF7 /* InfoPlist.strings */ = {
			isa = PBXVariantGroup;
			children = (
				D0332E4218A6D423007C0FF7 /* en */,
			);
			name = InfoPlist.strings;
			sourceTree = "<group>";
		};
		D0332E5A18A6D423007C0FF7 /* InfoPlist.strings */ = {
			isa = PBXVariantGroup;
			children = (
				D0332E5B18A6D423007C0FF7 /* en */,
			);
			name = InfoPlist.strings;
			sourceTree = "<group>";
		};
/* End PBXVariantGroup section */

/* Begin XCBuildConfiguration section */
		D0332E5F18A6D423007C0FF7 /* Debug */ = {
			isa = XCBuildConfiguration;
			buildSettings = {
				ALWAYS_SEARCH_USER_PATHS = NO;
				ARCHS = "$(ARCHS_STANDARD_INCLUDING_64_BIT)";
				CLANG_CXX_LANGUAGE_STANDARD = "gnu++0x";
				CLANG_CXX_LIBRARY = "libc++";
				CLANG_ENABLE_MODULES = YES;
				CLANG_ENABLE_OBJC_ARC = YES;
				CLANG_WARN_BOOL_CONVERSION = YES;
				CLANG_WARN_CONSTANT_CONVERSION = YES;
				CLANG_WARN_DIRECT_OBJC_ISA_USAGE = YES_ERROR;
				CLANG_WARN_EMPTY_BODY = YES;
				CLANG_WARN_ENUM_CONVERSION = YES;
				CLANG_WARN_INT_CONVERSION = YES;
				CLANG_WARN_OBJC_ROOT_CLASS = YES_ERROR;
				CLANG_WARN__DUPLICATE_METHOD_MATCH = YES;
				"CODE_SIGN_IDENTITY[sdk=iphoneos*]" = "iPhone Developer";
				COPY_PHASE_STRIP = NO;
				GCC_C_LANGUAGE_STANDARD = gnu99;
				GCC_DYNAMIC_NO_PIC = NO;
				GCC_OPTIMIZATION_LEVEL = 0;
				GCC_PREPROCESSOR_DEFINITIONS = (
					"DEBUG=1",
					"$(inherited)",
				);
				GCC_SYMBOLS_PRIVATE_EXTERN = NO;
				GCC_WARN_64_TO_32_BIT_CONVERSION = YES;
				GCC_WARN_ABOUT_RETURN_TYPE = YES_ERROR;
				GCC_WARN_UNDECLARED_SELECTOR = YES;
				GCC_WARN_UNINITIALIZED_AUTOS = YES;
				GCC_WARN_UNUSED_FUNCTION = YES;
				GCC_WARN_UNUSED_VARIABLE = YES;
				IPHONEOS_DEPLOYMENT_TARGET = 7.0;
				ONLY_ACTIVE_ARCH = YES;
				SDKROOT = iphoneos;
				TARGETED_DEVICE_FAMILY = 2;
			};
			name = Debug;
		};
		D0332E6018A6D423007C0FF7 /* Release */ = {
			isa = XCBuildConfiguration;
			buildSettings = {
				ALWAYS_SEARCH_USER_PATHS = NO;
				ARCHS = "$(ARCHS_STANDARD_INCLUDING_64_BIT)";
				CLANG_CXX_LANGUAGE_STANDARD = "gnu++0x";
				CLANG_CXX_LIBRARY = "libc++";
				CLANG_ENABLE_MODULES = YES;
				CLANG_ENABLE_OBJC_ARC = YES;
				CLANG_WARN_BOOL_CONVERSION = YES;
				CLANG_WARN_CONSTANT_CONVERSION = YES;
				CLANG_WARN_DIRECT_OBJC_ISA_USAGE = YES_ERROR;
				CLANG_WARN_EMPTY_BODY = YES;
				CLANG_WARN_ENUM_CONVERSION = YES;
				CLANG_WARN_INT_CONVERSION = YES;
				CLANG_WARN_OBJC_ROOT_CLASS = YES_ERROR;
				CLANG_WARN__DUPLICATE_METHOD_MATCH = YES;
				"CODE_SIGN_IDENTITY[sdk=iphoneos*]" = "iPhone Developer";
				COPY_PHASE_STRIP = YES;
				ENABLE_NS_ASSERTIONS = NO;
				GCC_C_LANGUAGE_STANDARD = gnu99;
				GCC_WARN_64_TO_32_BIT_CONVERSION = YES;
				GCC_WARN_ABOUT_RETURN_TYPE = YES_ERROR;
				GCC_WARN_UNDECLARED_SELECTOR = YES;
				GCC_WARN_UNINITIALIZED_AUTOS = YES;
				GCC_WARN_UNUSED_FUNCTION = YES;
				GCC_WARN_UNUSED_VARIABLE = YES;
				IPHONEOS_DEPLOYMENT_TARGET = 7.0;
				SDKROOT = iphoneos;
				TARGETED_DEVICE_FAMILY = 2;
				VALIDATE_PRODUCT = YES;
			};
			name = Release;
		};
		D0332E6218A6D423007C0FF7 /* Debug */ = {
			isa = XCBuildConfiguration;
			buildSettings = {
				ASSETCATALOG_COMPILER_APPICON_NAME = AppIcon;
				ASSETCATALOG_COMPILER_LAUNCHIMAGE_NAME = LaunchImage;
				GCC_PRECOMPILE_PREFIX_HEADER = YES;
				GCC_PREFIX_HEADER = "gettysburgRecreation/gettysburgRecreation-Prefix.pch";
				INFOPLIST_FILE = "gettysburgRecreation/gettysburgRecreation-Info.plist";
				PRODUCT_NAME = "$(TARGET_NAME)";
				WRAPPER_EXTENSION = app;
			};
			name = Debug;
		};
		D0332E6318A6D423007C0FF7 /* Release */ = {
			isa = XCBuildConfiguration;
			buildSettings = {
				ASSETCATALOG_COMPILER_APPICON_NAME = AppIcon;
				ASSETCATALOG_COMPILER_LAUNCHIMAGE_NAME = LaunchImage;
				GCC_PRECOMPILE_PREFIX_HEADER = YES;
				GCC_PREFIX_HEADER = "gettysburgRecreation/gettysburgRecreation-Prefix.pch";
				INFOPLIST_FILE = "gettysburgRecreation/gettysburgRecreation-Info.plist";
				PRODUCT_NAME = "$(TARGET_NAME)";
				WRAPPER_EXTENSION = app;
			};
			name = Release;
		};
		D0332E6518A6D423007C0FF7 /* Debug */ = {
			isa = XCBuildConfiguration;
			buildSettings = {
				ARCHS = "$(ARCHS_STANDARD_INCLUDING_64_BIT)";
				BUNDLE_LOADER = "$(BUILT_PRODUCTS_DIR)/gettysburgRecreation.app/gettysburgRecreation";
				FRAMEWORK_SEARCH_PATHS = (
					"$(SDKROOT)/Developer/Library/Frameworks",
					"$(inherited)",
					"$(DEVELOPER_FRAMEWORKS_DIR)",
				);
				GCC_PRECOMPILE_PREFIX_HEADER = YES;
				GCC_PREFIX_HEADER = "gettysburgRecreation/gettysburgRecreation-Prefix.pch";
				GCC_PREPROCESSOR_DEFINITIONS = (
					"DEBUG=1",
					"$(inherited)",
				);
				INFOPLIST_FILE = "gettysburgRecreationTests/gettysburgRecreationTests-Info.plist";
				PRODUCT_NAME = "$(TARGET_NAME)";
				TEST_HOST = "$(BUNDLE_LOADER)";
				WRAPPER_EXTENSION = xctest;
			};
			name = Debug;
		};
		D0332E6618A6D423007C0FF7 /* Release */ = {
			isa = XCBuildConfiguration;
			buildSettings = {
				ARCHS = "$(ARCHS_STANDARD_INCLUDING_64_BIT)";
				BUNDLE_LOADER = "$(BUILT_PRODUCTS_DIR)/gettysburgRecreation.app/gettysburgRecreation";
				FRAMEWORK_SEARCH_PATHS = (
					"$(SDKROOT)/Developer/Library/Frameworks",
					"$(inherited)",
					"$(DEVELOPER_FRAMEWORKS_DIR)",
				);
				GCC_PRECOMPILE_PREFIX_HEADER = YES;
				GCC_PREFIX_HEADER = "gettysburgRecreation/gettysburgRecreation-Prefix.pch";
				INFOPLIST_FILE = "gettysburgRecreationTests/gettysburgRecreationTests-Info.plist";
				PRODUCT_NAME = "$(TARGET_NAME)";
				TEST_HOST = "$(BUNDLE_LOADER)";
				WRAPPER_EXTENSION = xctest;
			};
			name = Release;
		};
/* End XCBuildConfiguration section */

/* Begin XCConfigurationList section */
		D0332E3018A6D423007C0FF7 /* Build configuration list for PBXProject "gettysburgRecreation" */ = {
			isa = XCConfigurationList;
			buildConfigurations = (
				D0332E5F18A6D423007C0FF7 /* Debug */,
				D0332E6018A6D423007C0FF7 /* Release */,
			);
			defaultConfigurationIsVisible = 0;
			defaultConfigurationName = Release;
		};
		D0332E6118A6D423007C0FF7 /* Build configuration list for PBXNativeTarget "gettysburgRecreation" */ = {
			isa = XCConfigurationList;
			buildConfigurations = (
				D0332E6218A6D423007C0FF7 /* Debug */,
				D0332E6318A6D423007C0FF7 /* Release */,
			);
			defaultConfigurationIsVisible = 0;
			defaultConfigurationName = Release;
		};
		D0332E6418A6D423007C0FF7 /* Build configuration list for PBXNativeTarget "gettysburgRecreationTests" */ = {
			isa = XCConfigurationList;
			buildConfigurations = (
				D0332E6518A6D423007C0FF7 /* Debug */,
				D0332E6618A6D423007C0FF7 /* Release */,
			);
			defaultConfigurationIsVisible = 0;
			defaultConfigurationName = Release;
		};
/* End XCConfigurationList section */
	};
	rootObject = D0332E2D18A6D423007C0FF7 /* Project object */;
}
